<?xml version="1.0" encoding="utf-8"?>
<Project ToolsVersion="4.0" xmlns="http://schemas.microsoft.com/developer/msbuild/2003">
  <ItemGroup>
    <ClCompile Include="external\glad\src\glad.c" />
    <ClCompile Include="main.cpp" />
    <ClCompile Include="miniaudio_impl.cpp" />
    <ClCompile Include="stb_image_impl.cpp" />
    <ClCompile Include="src\FireworkParticleSystem.cpp">
      <Filter>src</Filter>
    </ClCompile>
    <ClCompile Include="src\InputHandler.cpp">
      <Filter>src</Filter>
    </ClCompile>
    <ClCompile Include="src\UIManager.cpp">
      <Filter>src</Filter>
    </ClCompile>
    <ClCompile Include="src\TextRenderer.cpp">
      <Filter>src</Filter>
    </ClCompile>
    <ClCompile Include="src\PostProcessor.cpp">
      <Filter>src</Filter>
    </ClCompile>
  </ItemGroup>
  <ItemGroup>
    <ClInclude Include="include\Camera.h">
      <Filter>include</Filter>
    </ClInclude>
    <ClInclude Include="include\FireworkParticleSystem.h">
      <Filter>include</Filter>
    </ClInclude>
    <ClInclude Include="include\Ground.h">
      <Filter>include</Filter>
    </ClInclude>
    <ClInclude Include="include\InputHandler.h">
      <Filter>include</Filter>
    </ClInclude>
    <ClInclude Include="include\Mesh.h">
      <Filter>include</Filter>
    </ClInclude>
    <ClInclude Include="include\miniaudio.h">
      <Filter>include</Filter>
    </ClInclude>
    <ClInclude Include="include\Model.h">
      <Filter>include</Filter>
    </ClInclude>
    <ClInclude Include="include\PointLight.h">
      <Filter>include</Filter>
    </ClInclude>
    <ClInclude Include="include\Shader.h">
      <Filter>include</Filter>
    </ClInclude>
    <ClInclude Include="include\Skybox.h">
      <Filter>include</Filter>
    </ClInclude>
    <ClInclude Include="include\stb_image.h">
      <Filter>include</Filter>
    </ClInclude>
    <ClInclude Include="include\TextRenderer.h">
      <Filter>include</Filter>
    </ClInclude>
    <ClInclude Include="include\UIManager.h">
      <Filter>include</Filter>
    </ClInclude>
    <ClInclude Include="include\PostProcessor.h">
      <Filter>include</Filter>
    </ClInclude>
  </ItemGroup>
  <ItemGroup>
    <None Include="assets\shaders\blur.fs" />
    <None Include="assets\shaders\firework.fs" />
    <None Include="assets\shaders\ground.fs" />
    <None Include="assets\shaders\model.fs" />
    <None Include="assets\shaders\post.fs" />
    <None Include="assets\shaders\skybox.fs" />
    <None Include="assets\shaders\text.fs" />
    <None Include="assets\shaders\blur.fs" />
    <None Include="assets\shaders\firework.fs" />
    <None Include="assets\shaders\ground.fs" />
    <None Include="assets\shaders\model.fs" />
    <None Include="assets\shaders\post.fs" />
    <None Include="assets\shaders\skybox.fs" />
    <None Include="assets\shaders\text.fs" />
    <None Include="assets\shaders\blur.fs" />
    <None Include="assets\shaders\firework.fs" />
    <None Include="assets\shaders\ground.fs" />
    <None Include="assets\shaders\model.fs" />
    <None Include="assets\shaders\post.fs" />
    <None Include="assets\shaders\skybox.fs" />
    <None Include="assets\shaders\text.fs" />
    <None Include="assets\shaders\blur.fs" />
    <None Include="assets\shaders\firework.fs" />
    <None Include="assets\shaders\ground.fs" />
    <None Include="assets\shaders\model.fs" />
    <None Include="assets\shaders\post.fs" />
    <None Include="assets\shaders\skybox.fs" />
    <None Include="assets\shaders\text.fs" />
    <None Include="assets\shaders\blur.fs" />
    <None Include="assets\shaders\firework.fs" />
    <None Include="assets\shaders\ground.fs" />
    <None Include="assets\shaders\model.fs" />
    <None Include="assets\shaders\post.fs" />
    <None Include="assets\shaders\skybox.fs" />
    <None Include="assets\shaders\text.fs" />
    <None Include="assets\shaders\blur.fs" />
    <None Include="assets\shaders\firework.fs" />
    <None Include="assets\shaders\ground.fs" />
    <None Include="assets\shaders\model.fs" />
    <None Include="assets\shaders\post.fs" />
    <None Include="assets\shaders\skybox.fs" />
    <None Include="assets\shaders\text.fs" />
    <None Include="assets\shaders\blur.vs" />
    <None Include="assets\shaders\firework.vs" />
    <None Include="assets\shaders\ground.vs" />
    <None Include="assets\shaders\model.vs" />
    <None Include="assets\shaders\post.vs" />
    <None Include="assets\shaders\skybox.vs" />
    <None Include="assets\shaders\text.vs" />
    <None Include="assets\shaders\blur.vs" />
    <None Include="assets\shaders\firework.vs" />
    <None Include="assets\shaders\ground.vs" />
    <None Include="assets\shaders\model.vs" />
    <None Include="assets\shaders\post.vs" />
    <None Include="assets\shaders\skybox.vs" />
    <None Include="assets\shaders\text.vs" />
    <None Include="assets\shaders\blur.vs" />
    <None Include="assets\shaders\firework.vs" />
    <None Include="assets\shaders\ground.vs" />
    <None Include="assets\shaders\model.vs" />
    <None Include="assets\shaders\post.vs" />
    <None Include="assets\shaders\skybox.vs" />
    <None Include="assets\shaders\text.vs" />
    <None Include="assets\shaders\blur.vs" />
    <None Include="assets\shaders\firework.vs" />
    <None Include="assets\shaders\ground.vs" />
    <None Include="assets\shaders\model.vs" />
    <None Include="assets\shaders\post.vs" />
    <None Include="assets\shaders\skybox.vs" />
    <None Include="assets\shaders\text.vs" />
    <None Include="assets\shaders\blur.vs" />
    <None Include="assets\shaders\firework.vs" />
    <None Include="assets\shaders\ground.vs" />
    <None Include="assets\shaders\model.vs" />
    <None Include="assets\shaders\post.vs" />
    <None Include="assets\shaders\skybox.vs" />
    <None Include="assets\shaders\text.vs" />
    <None Include="assets\shaders\blur.vs" />
    <None Include="assets\shaders\firework.vs" />
    <None Include="assets\shaders\ground.vs" />
    <None Include="assets\shaders\model.vs" />
    <None Include="assets\shaders\post.vs" />
    <None Include="assets\shaders\skybox.vs" />
    <None Include="assets\shaders\text.vs" />
    <None Include="assets\shaders\*.fs">
      <Filter>assets/shader</Filter>
    </None>
    <None Include="assets\shaders\*.vs">
      <Filter>assets/shader</Filter>
    </None>
    <None Include="assets\shaders\*.fs">
      <Filter>assets/shader</Filter>
    </None>
    <None Include="assets\shaders\*.vs">
      <Filter>assets/shader</Filter>
    </None>
    <None Include="assets\shaders\*.fs">
      <Filter>assets/shader</Filter>
    </None>
    <None Include="assets\shaders\*.vs">
      <Filter>assets/shader</Filter>
    </None>
    <None Include="assets\shaders\*.fs">
      <Filter>assets/shader</Filter>
    </None>
    <None Include="assets\shaders\*.vs">
      <Filter>assets/shader</Filter>
    </None>
    <None Include="assets\shaders\*.fs">
      <Filter>assets/shader</Filter>
    </None>
    <None Include="assets\shaders\*.vs">
      <Filter>assets/shader</Filter>
    </None>
    <None Include="assets\shaders\*.fs">
      <Filter>assets/shader</Filter>
    </None>
    <None Include="assets\shaders\*.fs">
      <Filter>assets/shader</Filter>
    </None>
    <None Include="assets\shaders\*.fs">
      <Filter>assets/shader</Filter>
    </None>
    <None Include="assets\shaders\*.vs">
      <Filter>assets/shader</Filter>
    </None>
    <None Include="assets\shaders\*.vs">
      <Filter>assets/shader</Filter>
    </None>
    <None Include="assets\shaders\*.vs">
      <Filter>assets/shader</Filter>
    </None>
    <None Include="assets\shaders\blur.fs" />
    <None Include="assets\shaders\firework.fs" />
    <None Include="assets\shaders\ground.fs" />
    <None Include="assets\shaders\model.fs" />
    <None Include="assets\shaders\post.fs" />
    <None Include="assets\shaders\skybox.fs" />
    <None Include="assets\shaders\text.fs" />
    <None Include="assets\shaders\blur.fs" />
    <None Include="assets\shaders\firework.fs" />
    <None Include="assets\shaders\ground.fs" />
    <None Include="assets\shaders\model.fs" />
    <None Include="assets\shaders\post.fs" />
    <None Include="assets\shaders\skybox.fs" />
    <None Include="assets\shaders\text.fs" />
    <None Include="assets\shaders\blur.fs" />
    <None Include="assets\shaders\firework.fs" />
    <None Include="assets\shaders\ground.fs" />
    <None Include="assets\shaders\model.fs" />
    <None Include="assets\shaders\post.fs" />
    <None Include="assets\shaders\skybox.fs" />
    <None Include="assets\shaders\text.fs" />
    <None Include="assets\shaders\blur.fs" />
    <None Include="assets\shaders\firework.fs" />
    <None Include="assets\shaders\ground.fs" />
    <None Include="assets\shaders\model.fs" />
    <None Include="assets\shaders\post.fs" />
    <None Include="assets\shaders\skybox.fs" />
    <None Include="assets\shaders\text.fs" />
    <None Include="assets\shaders\blur.fs" />
    <None Include="assets\shaders\firework.fs" />
    <None Include="assets\shaders\ground.fs" />
    <None Include="assets\shaders\model.fs" />
    <None Include="assets\shaders\post.fs" />
    <None Include="assets\shaders\skybox.fs" />
    <None Include="assets\shaders\text.fs" />
    <None Include="assets\shaders\blur.fs" />
    <None Include="assets\shaders\firework.fs" />
    <None Include="assets\shaders\ground.fs" />
    <None Include="assets\shaders\model.fs" />
    <None Include="assets\shaders\post.fs" />
    <None Include="assets\shaders\skybox.fs" />
    <None Include="assets\shaders\text.fs" />
    <None Include="assets\shaders\blur.fs" />
    <None Include="assets\shaders\firework.fs" />
    <None Include="assets\shaders\ground.fs" />
    <None Include="assets\shaders\model.fs" />
    <None Include="assets\shaders\post.fs" />
    <None Include="assets\shaders\skybox.fs" />
    <None Include="assets\shaders\text.fs" />
    <None Include="assets\shaders\blur.vs" />
    <None Include="assets\shaders\firework.vs" />
    <None Include="assets\shaders\ground.vs" />
    <None Include="assets\shaders\model.vs" />
    <None Include="assets\shaders\post.vs" />
    <None Include="assets\shaders\skybox.vs" />
    <None Include="assets\shaders\text.vs" />
    <None Include="assets\shaders\blur.vs" />
    <None Include="assets\shaders\firework.vs" />
    <None Include="assets\shaders\ground.vs" />
    <None Include="assets\shaders\model.vs" />
    <None Include="assets\shaders\post.vs" />
    <None Include="assets\shaders\skybox.vs" />
    <None Include="assets\shaders\text.vs" />
    <None Include="assets\shaders\blur.vs" />
    <None Include="assets\shaders\firework.vs" />
    <None Include="assets\shaders\ground.vs" />
    <None Include="assets\shaders\model.vs" />
    <None Include="assets\shaders\post.vs" />
    <None Include="assets\shaders\skybox.vs" />
    <None Include="assets\shaders\text.vs" />
    <None Include="assets\shaders\blur.vs" />
    <None Include="assets\shaders\firework.vs" />
    <None Include="assets\shaders\ground.vs" />
    <None Include="assets\shaders\model.vs" />
    <None Include="assets\shaders\post.vs" />
    <None Include="assets\shaders\skybox.vs" />
    <None Include="assets\shaders\text.vs" />
    <None Include="assets\shaders\blur.vs" />
    <None Include="assets\shaders\firework.vs" />
    <None Include="assets\shaders\ground.vs" />
    <None Include="assets\shaders\model.vs" />
    <None Include="assets\shaders\post.vs" />
    <None Include="assets\shaders\skybox.vs" />
    <None Include="assets\shaders\text.vs" />
    <None Include="assets\shaders\blur.vs" />
    <None Include="assets\shaders\firework.vs" />
    <None Include="assets\shaders\ground.vs" />
    <None Include="assets\shaders\model.vs" />
    <None Include="assets\shaders\post.vs" />
    <None Include="assets\shaders\skybox.vs" />
    <None Include="assets\shaders\text.vs" />
    <None Include="assets\shaders\blur.vs" />
    <None Include="assets\shaders\firework.vs" />
    <None Include="assets\shaders\ground.vs" />
    <None Include="assets\shaders\model.vs" />
    <None Include="assets\shaders\post.vs" />
    <None Include="assets\shaders\skybox.vs" />
    <None Include="assets\shaders\text.vs" />
    <None Include="assets\shaders\*.fs">
      <Filter>assets/shader</Filter>
    </None>
    <None Include="assets\shaders\*.vs">
      <Filter>assets/shader</Filter>
    </None>
    <None Include="assets\shaders\*.fs">
      <Filter>assets/shader</Filter>
    </None>
    <None Include="assets\shaders\*.vs">
      <Filter>assets/shader</Filter>
    </None>
    <None Include="assets\shaders\*.fs">
      <Filter>assets/shader</Filter>
    </None>
    <None Include="assets\shaders\*.vs">
      <Filter>assets/shader</Filter>
    </None>
    <None Include="assets\shaders\*.fs">
      <Filter>assets/shader</Filter>
    </None>
    <None Include="assets\shaders\*.vs">
      <Filter>assets/shader</Filter>
    </None>
    <None Include="assets\shaders\*.fs">
      <Filter>assets/shader</Filter>
    </None>
    <None Include="assets\shaders\*.vs">
      <Filter>assets/shader</Filter>
    </None>
    <None Include="assets\shaders\*.fs">
      <Filter>assets/shader</Filter>
    </None>
    <None Include="assets\shaders\*.vs">
      <Filter>assets/shader</Filter>
    </None>
    <None Include="assets\shaders\*.fs">
      <Filter>assets/shader</Filter>
    </None>
    <None Include="assets\shaders\*.vs">
      <Filter>assets/shader</Filter>
    </None>
    <None Include="assets\shaders\*.fs" />
    <None Include="assets\shaders\*.fs" />
    <None Include="assets\shaders\*.fs" />
    <None Include="assets\shaders\*.fs" />
    <None Include="assets\shaders\*.fs" />
    <None Include="assets\shaders\*.fs" />
    <None Include="assets\shaders\*.fs" />
    <None Include="assets\shaders\*.vs" />
    <None Include="assets\shaders\*.vs" />
    <None Include="assets\shaders\*.vs" />
    <None Include="assets\shaders\*.vs" />
    <None Include="assets\shaders\*.vs" />
    <None Include="assets\shaders\*.vs" />
    <None Include="assets\shaders\*.vs" />
  </ItemGroup>
  <ItemGroup>
    <Filter Include="assets/shader">
      <UniqueIdentifier>{c9ac977f-1a5a-427e-8996-558301ace100}</UniqueIdentifier>
    </Filter>
    <Filter Include="src">
      <UniqueIdentifier>{a9e1913b-8b5b-4cde-9a89-cf97c8f5dd5f}</UniqueIdentifier>
    </Filter>
    <Filter Include="include">
      <UniqueIdentifier>{561548ae-ad51-43db-86fd-c5d749fe6d8c}</UniqueIdentifier>
    </Filter>
  </ItemGroup>
</Project>